
Microsoft Visual Studio Solution File, Format Version 12.00
# Visual Studio Version 17
VisualStudioVersion = 17.6.33712.159
MinimumVisualStudioVersion = 10.0.40219.1
Project("{FAE04EC0-301F-11D3-BF4B-00C04F79EFBC}") = "TTLOADER.Android", "TTLOADER\TTLOADER.Android\TTLOADER.Android.csproj", "{F81EA886-513A-4CFC-B75E-7492EB004DFF}"
EndProject
Project("{9A19103F-16F7-4668-BE54-9A1E7A4F7556}") = "TTLOADER", "TTLOADER\TTLOADER\TTLOADER.csproj", "{9E3AF56B-307C-4374-88A8-D05CD02D3460}"
EndProject
Global
	GlobalSection(SolutionConfigurationPlatforms) = preSolution
		Debug|Any CPU = Debug|Any CPU
		Release|Any CPU = Release|Any CPU
	EndGlobalSection
	GlobalSection(ProjectConfigurationPlatforms) = postSolution
		{F81EA886-513A-4CFC-B75E-7492EB004DFF}.Debug|Any CPU.ActiveCfg = Debug|Any CPU
		{F81EA886-513A-4CFC-B75E-7492EB004DFF}.Debug|Any CPU.Build.0 = Debug|Any CPU
		{F81EA886-513A-4CFC-B75E-7492EB004DFF}.Debug|Any CPU.Deploy.0 = Debug|Any CPU
		{F81EA886-513A-4CFC-B75E-7492EB004DFF}.Release|Any CPU.ActiveCfg = Release|Any CPU
		{F81EA886-513A-4CFC-B75E-7492EB004DFF}.Release|Any CPU.Build.0 = Release|Any CPU
		{F81EA886-513A-4CFC-B75E-7492EB004DFF}.Release|Any CPU.Deploy.0 = Release|Any CPU
		{9E3AF56B-307C-4374-88A8-D05CD02D3460}.Debug|Any CPU.ActiveCfg = Debug|Any CPU
		{9E3AF56B-307C-4374-88A8-D05CD02D3460}.Debug|Any CPU.Build.0 = Debug|Any CPU
		{9E3AF56B-307C-4374-88A8-D05CD02D3460}.Release|Any CPU.ActiveCfg = Release|Any CPU
		{9E3AF56B-307C-4374-88A8-D05CD02D3460}.Release|Any CPU.Build.0 = Release|Any CPU
	EndGlobalSection
	GlobalSection(SolutionProperties) = preSolution
		HideSolutionNode = FALSE
	EndGlobalSection
	GlobalSection(ExtensibilityGlobals) = postSolution
		SolutionGuid = {77017C21-E157-45E9-B41D-E597222CDDB8}
	EndGlobalSection
EndGlobal
